
Microsoft Visual Studio Solution File, Format Version 12.00
# Visual Studio Version 16
VisualStudioVersion = 16.0.29613.14
MinimumVisualStudioVersion = 10.0.40219.1
Project("{8BC9CEB8-8B4A-11D0-8D11-00A0C91BC942}") = "mastermind", "mastermind\mastermind.vcxproj", "{316F3B5E-CBCD-4861-A738-BA74ADC5C5BB}"
EndProject
Global
	GlobalSection(SolutionConfigurationPlatforms) = preSolution
		Debug|x64 = Debug|x64
		Debug|x86 = Debug|x86
		Release|x64 = Release|x64
		Release|x86 = Release|x86
	EndGlobalSection
	GlobalSection(ProjectConfigurationPlatforms) = postSolution
		{316F3B5E-CBCD-4861-A738-BA74ADC5C5BB}.Debug|x64.ActiveCfg = Debug|x64
		{316F3B5E-CBCD-4861-A738-BA74ADC5C5BB}.Debug|x64.Build.0 = Debug|x64
		{316F3B5E-CBCD-4861-A738-BA74ADC5C5BB}.Debug|x86.ActiveCfg = Debug|Win32
		{316F3B5E-CBCD-4861-A738-BA74ADC5C5BB}.Debug|x86.Build.0 = Debug|Win32
		{316F3B5E-CBCD-4861-A738-BA74ADC5C5BB}.Release|x64.ActiveCfg = Release|x64
		{316F3B5E-CBCD-4861-A738-BA74ADC5C5BB}.Release|x64.Build.0 = Release|x64
		{316F3B5E-CBCD-4861-A738-BA74ADC5C5BB}.Release|x86.ActiveCfg = Release|Win32
		{316F3B5E-CBCD-4861-A738-BA74ADC5C5BB}.Release|x86.Build.0 = Release|Win32
	EndGlobalSection
	GlobalSection(SolutionProperties) = preSolution
		HideSolutionNode = FALSE
	EndGlobalSection
	GlobalSection(ExtensibilityGlobals) = postSolution
		SolutionGuid = {D6648E23-509B-4D5B-BA83-649229588CC2}
	EndGlobalSection
EndGlobal
